
Microsoft Visual Studio Solution File, Format Version 12.00
# Visual Studio Version 17
VisualStudioVersion = 17.0.32112.339
MinimumVisualStudioVersion = 10.0.40219.1
Project("{9A19103F-16F7-4668-BE54-9A1E7A4F7556}") = "PowerliftServer.Web", "PowerliftServer.Web\PowerliftServer.Web.csproj", "{3B0CA301-706C-49CA-80EF-88F40E743B09}"
EndProject
Project("{FAE04EC0-301F-11D3-BF4B-00C04F79EFBC}") = "PowerliftServer.Web.UnitTests", "PowerliftServer.Web.UnitTests\PowerliftServer.Web.UnitTests.csproj", "{1D740936-254A-4138-BB78-B3B069497498}"
EndProject
Global
	GlobalSection(SolutionConfigurationPlatforms) = preSolution
		Debug|Any CPU = Debug|Any CPU
		Release|Any CPU = Release|Any CPU
	EndGlobalSection
	GlobalSection(ProjectConfigurationPlatforms) = postSolution
		{3B0CA301-706C-49CA-80EF-88F40E743B09}.Debug|Any CPU.ActiveCfg = Debug|Any CPU
		{3B0CA301-706C-49CA-80EF-88F40E743B09}.Debug|Any CPU.Build.0 = Debug|Any CPU
		{3B0CA301-706C-49CA-80EF-88F40E743B09}.Release|Any CPU.ActiveCfg = Release|Any CPU
		{3B0CA301-706C-49CA-80EF-88F40E743B09}.Release|Any CPU.Build.0 = Release|Any CPU
		{1D740936-254A-4138-BB78-B3B069497498}.Debug|Any CPU.ActiveCfg = Debug|Any CPU
		{1D740936-254A-4138-BB78-B3B069497498}.Debug|Any CPU.Build.0 = Debug|Any CPU
		{1D740936-254A-4138-BB78-B3B069497498}.Release|Any CPU.ActiveCfg = Release|Any CPU
		{1D740936-254A-4138-BB78-B3B069497498}.Release|Any CPU.Build.0 = Release|Any CPU
	EndGlobalSection
	GlobalSection(SolutionProperties) = preSolution
		HideSolutionNode = FALSE
	EndGlobalSection
	GlobalSection(ExtensibilityGlobals) = postSolution
		SolutionGuid = {45EC97F6-8775-401D-96AD-7C391C2D2D36}
	EndGlobalSection
EndGlobal
